
Microsoft Visual Studio Solution File, Format Version 12.00
# Visual Studio Version 17
VisualStudioVersion = 17.13.35825.156 d17.13
MinimumVisualStudioVersion = 10.0.40219.1
Project("{2150E333-8FDC-42A3-9474-1A3956D46DE8}") = "src", "src", "{C4E7B02F-F23C-44A1-A01D-0B61E3C4BE24}"
EndProject
Project("{2150E333-8FDC-42A3-9474-1A3956D46DE8}") = "Core", "Core", "{16E601AB-CC95-477F-9CBB-8FEF4A115885}"
EndProject
Project("{2150E333-8FDC-42A3-9474-1A3956D46DE8}") = "Infrastructure", "Infrastructure", "{5FC43089-72BA-4C63-B0DA-9108FF91994B}"
EndProject
Project("{2150E333-8FDC-42A3-9474-1A3956D46DE8}") = "Presentation", "Presentation", "{5823740F-C1EB-496F-B4AF-FDBC2CA6F9C3}"
EndProject
Project("{FAE04EC0-301F-11D3-BF4B-00C04F79EFBC}") = "TaxiApp.Core.Application", "src\Core\TaxiApp.Core.Application\TaxiApp.Core.Application.csproj", "{00AC97E9-C16A-4CC1-91C3-B3F2ECE4784E}"
EndProject
Project("{FAE04EC0-301F-11D3-BF4B-00C04F79EFBC}") = "TaxiApp.Core.Domain", "src\Core\TaxiApp.Core.Domain\TaxiApp.Core.Domain.csproj", "{620DE5A7-F7ED-4AE7-9556-FECFBA88852A}"
EndProject
Project("{FAE04EC0-301F-11D3-BF4B-00C04F79EFBC}") = "TaxiApp.Infrastructure.Persistence", "src\Infrastructure\TaxiApp.Infrastructure.Persistence\TaxiApp.Infrastructure.Persistence.csproj", "{131C745D-C115-4219-BCC5-BB8AD7ECFA55}"
EndProject
Project("{FAE04EC0-301F-11D3-BF4B-00C04F79EFBC}") = "TaxiApp.Presentation.WebAppBlazor", "src\Presentation\TaxiApp.Presentation.WebAppBlazor\TaxiApp.Presentation.WebAppBlazor.csproj", "{97617E7F-9B57-4D23-85E0-142E5A4EAA0B}"
EndProject
Project("{FAE04EC0-301F-11D3-BF4B-00C04F79EFBC}") = "TaxiApp.Presentation.Api", "src\Presentation\TaxiApp.Presentation.Api\TaxiApp.Presentation.Api.csproj", "{1497B41E-6509-471F-8BAE-BEAAED26084D}"
EndProject
Global
	GlobalSection(SolutionConfigurationPlatforms) = preSolution
		Debug|Any CPU = Debug|Any CPU
		Release|Any CPU = Release|Any CPU
	EndGlobalSection
	GlobalSection(ProjectConfigurationPlatforms) = postSolution
		{00AC97E9-C16A-4CC1-91C3-B3F2ECE4784E}.Debug|Any CPU.ActiveCfg = Debug|Any CPU
		{00AC97E9-C16A-4CC1-91C3-B3F2ECE4784E}.Debug|Any CPU.Build.0 = Debug|Any CPU
		{00AC97E9-C16A-4CC1-91C3-B3F2ECE4784E}.Release|Any CPU.ActiveCfg = Release|Any CPU
		{00AC97E9-C16A-4CC1-91C3-B3F2ECE4784E}.Release|Any CPU.Build.0 = Release|Any CPU
		{620DE5A7-F7ED-4AE7-9556-FECFBA88852A}.Debug|Any CPU.ActiveCfg = Debug|Any CPU
		{620DE5A7-F7ED-4AE7-9556-FECFBA88852A}.Debug|Any CPU.Build.0 = Debug|Any CPU
		{620DE5A7-F7ED-4AE7-9556-FECFBA88852A}.Release|Any CPU.ActiveCfg = Release|Any CPU
		{620DE5A7-F7ED-4AE7-9556-FECFBA88852A}.Release|Any CPU.Build.0 = Release|Any CPU
		{131C745D-C115-4219-BCC5-BB8AD7ECFA55}.Debug|Any CPU.ActiveCfg = Debug|Any CPU
		{131C745D-C115-4219-BCC5-BB8AD7ECFA55}.Debug|Any CPU.Build.0 = Debug|Any CPU
		{131C745D-C115-4219-BCC5-BB8AD7ECFA55}.Release|Any CPU.ActiveCfg = Release|Any CPU
		{131C745D-C115-4219-BCC5-BB8AD7ECFA55}.Release|Any CPU.Build.0 = Release|Any CPU
		{97617E7F-9B57-4D23-85E0-142E5A4EAA0B}.Debug|Any CPU.ActiveCfg = Debug|Any CPU
		{97617E7F-9B57-4D23-85E0-142E5A4EAA0B}.Debug|Any CPU.Build.0 = Debug|Any CPU
		{97617E7F-9B57-4D23-85E0-142E5A4EAA0B}.Release|Any CPU.ActiveCfg = Release|Any CPU
		{97617E7F-9B57-4D23-85E0-142E5A4EAA0B}.Release|Any CPU.Build.0 = Release|Any CPU
		{1497B41E-6509-471F-8BAE-BEAAED26084D}.Debug|Any CPU.ActiveCfg = Debug|Any CPU
		{1497B41E-6509-471F-8BAE-BEAAED26084D}.Debug|Any CPU.Build.0 = Debug|Any CPU
		{1497B41E-6509-471F-8BAE-BEAAED26084D}.Release|Any CPU.ActiveCfg = Release|Any CPU
		{1497B41E-6509-471F-8BAE-BEAAED26084D}.Release|Any CPU.Build.0 = Release|Any CPU
	EndGlobalSection
	GlobalSection(SolutionProperties) = preSolution
		HideSolutionNode = FALSE
	EndGlobalSection
	GlobalSection(NestedProjects) = preSolution
		{16E601AB-CC95-477F-9CBB-8FEF4A115885} = {C4E7B02F-F23C-44A1-A01D-0B61E3C4BE24}
		{5FC43089-72BA-4C63-B0DA-9108FF91994B} = {C4E7B02F-F23C-44A1-A01D-0B61E3C4BE24}
		{5823740F-C1EB-496F-B4AF-FDBC2CA6F9C3} = {C4E7B02F-F23C-44A1-A01D-0B61E3C4BE24}
		{00AC97E9-C16A-4CC1-91C3-B3F2ECE4784E} = {16E601AB-CC95-477F-9CBB-8FEF4A115885}
		{620DE5A7-F7ED-4AE7-9556-FECFBA88852A} = {16E601AB-CC95-477F-9CBB-8FEF4A115885}
		{131C745D-C115-4219-BCC5-BB8AD7ECFA55} = {5FC43089-72BA-4C63-B0DA-9108FF91994B}
		{97617E7F-9B57-4D23-85E0-142E5A4EAA0B} = {5823740F-C1EB-496F-B4AF-FDBC2CA6F9C3}
		{1497B41E-6509-471F-8BAE-BEAAED26084D} = {5823740F-C1EB-496F-B4AF-FDBC2CA6F9C3}
	EndGlobalSection
EndGlobal
